
Microsoft Visual Studio Solution File, Format Version 12.00
# Visual Studio Version 17
VisualStudioVersion = 17.6.33829.357
MinimumVisualStudioVersion = 10.0.40219.1
Project("{9A19103F-16F7-4668-BE54-9A1E7A4F7556}") = "SL-Statistica-BackEnd", "SL-Statistica-BackEnd\SL-Statistica-BackEnd.csproj", "{5B0F7724-1829-4C3F-BE9C-D86B127F9C4D}"
EndProject
Project("{9A19103F-16F7-4668-BE54-9A1E7A4F7556}") = "DataManager", "DataManager\DataManager.csproj", "{A5729ACD-779E-4E3B-BF2B-3D19680BAA9C}"
EndProject
Project("{9A19103F-16F7-4668-BE54-9A1E7A4F7556}") = "Contracts", "Contracts\Contracts.csproj", "{443CB2B6-90EF-4330-87E1-BD1AF4BFAD6D}"
EndProject
Project("{FAE04EC0-301F-11D3-BF4B-00C04F79EFBC}") = "Utilities", "Utilities\Utilities.csproj", "{83E08C78-A1A2-42F7-9742-AE2B6A7F4A97}"
EndProject
Global
	GlobalSection(SolutionConfigurationPlatforms) = preSolution
		Debug|Any CPU = Debug|Any CPU
		Release|Any CPU = Release|Any CPU
	EndGlobalSection
	GlobalSection(ProjectConfigurationPlatforms) = postSolution
		{5B0F7724-1829-4C3F-BE9C-D86B127F9C4D}.Debug|Any CPU.ActiveCfg = Debug|Any CPU
		{5B0F7724-1829-4C3F-BE9C-D86B127F9C4D}.Debug|Any CPU.Build.0 = Debug|Any CPU
		{5B0F7724-1829-4C3F-BE9C-D86B127F9C4D}.Release|Any CPU.ActiveCfg = Release|Any CPU
		{5B0F7724-1829-4C3F-BE9C-D86B127F9C4D}.Release|Any CPU.Build.0 = Release|Any CPU
		{A5729ACD-779E-4E3B-BF2B-3D19680BAA9C}.Debug|Any CPU.ActiveCfg = Debug|Any CPU
		{A5729ACD-779E-4E3B-BF2B-3D19680BAA9C}.Debug|Any CPU.Build.0 = Debug|Any CPU
		{A5729ACD-779E-4E3B-BF2B-3D19680BAA9C}.Release|Any CPU.ActiveCfg = Release|Any CPU
		{A5729ACD-779E-4E3B-BF2B-3D19680BAA9C}.Release|Any CPU.Build.0 = Release|Any CPU
		{443CB2B6-90EF-4330-87E1-BD1AF4BFAD6D}.Debug|Any CPU.ActiveCfg = Debug|Any CPU
		{443CB2B6-90EF-4330-87E1-BD1AF4BFAD6D}.Debug|Any CPU.Build.0 = Debug|Any CPU
		{443CB2B6-90EF-4330-87E1-BD1AF4BFAD6D}.Release|Any CPU.ActiveCfg = Release|Any CPU
		{443CB2B6-90EF-4330-87E1-BD1AF4BFAD6D}.Release|Any CPU.Build.0 = Release|Any CPU
		{83E08C78-A1A2-42F7-9742-AE2B6A7F4A97}.Debug|Any CPU.ActiveCfg = Debug|Any CPU
		{83E08C78-A1A2-42F7-9742-AE2B6A7F4A97}.Debug|Any CPU.Build.0 = Debug|Any CPU
		{83E08C78-A1A2-42F7-9742-AE2B6A7F4A97}.Release|Any CPU.ActiveCfg = Release|Any CPU
		{83E08C78-A1A2-42F7-9742-AE2B6A7F4A97}.Release|Any CPU.Build.0 = Release|Any CPU
	EndGlobalSection
	GlobalSection(SolutionProperties) = preSolution
		HideSolutionNode = FALSE
	EndGlobalSection
	GlobalSection(ExtensibilityGlobals) = postSolution
		SolutionGuid = {1AE9EEEE-4ADE-4BED-BFB9-9B2D453FFDCB}
	EndGlobalSection
EndGlobal
